// !$*UTF8*$!
{
	archiveVersion = 1;
	classes = {
	};
	objectVersion = 46;
	objects = {

/* Begin PBXBuildFile section */
		373188741BECAAE200286102 /* main.m in Sources */ = {isa = PBXBuildFile; fileRef = 373188731BECAAE200286102 /* main.m */; };
		373188771BECAAE200286102 /* AppDelegate.m in Sources */ = {isa = PBXBuildFile; fileRef = 373188761BECAAE200286102 /* AppDelegate.m */; };
		3731887A1BECAAE200286102 /* ViewController.m in Sources */ = {isa = PBXBuildFile; fileRef = 373188791BECAAE200286102 /* ViewController.m */; };
		3731887D1BECAAE200286102 /* Main.storyboard in Resources */ = {isa = PBXBuildFile; fileRef = 3731887B1BECAAE200286102 /* Main.storyboard */; };
		373188801BECAAE200286102 /* FrenchCityFinder.xcdatamodeld in Sources */ = {isa = PBXBuildFile; fileRef = 3731887E1BECAAE200286102 /* FrenchCityFinder.xcdatamodeld */; };
		373188821BECAAE200286102 /* Assets.xcassets in Resources */ = {isa = PBXBuildFile; fileRef = 373188811BECAAE200286102 /* Assets.xcassets */; };
		373188851BECAAE200286102 /* LaunchScreen.storyboard in Resources */ = {isa = PBXBuildFile; fileRef = 373188831BECAAE200286102 /* LaunchScreen.storyboard */; };
		373188901BECAAE200286102 /* FrenchCityFinderTests.m in Sources */ = {isa = PBXBuildFile; fileRef = 3731888F1BECAAE200286102 /* FrenchCityFinderTests.m */; };
		3731889B1BECAAE200286102 /* FrenchCityFinderUITests.m in Sources */ = {isa = PBXBuildFile; fileRef = 3731889A1BECAAE200286102 /* FrenchCityFinderUITests.m */; };
/* End PBXBuildFile section */

/* Begin PBXContainerItemProxy section */
		3731888C1BECAAE200286102 /* PBXContainerItemProxy */ = {
			isa = PBXContainerItemProxy;
			containerPortal = 373188671BECAAE200286102 /* Project object */;
			proxyType = 1;
			remoteGlobalIDString = 3731886E1BECAAE200286102;
			remoteInfo = FrenchCityFinder;
		};
		373188971BECAAE200286102 /* PBXContainerItemProxy */ = {
			isa = PBXContainerItemProxy;
			containerPortal = 373188671BECAAE200286102 /* Project object */;
			proxyType = 1;
			remoteGlobalIDString = 3731886E1BECAAE200286102;
			remoteInfo = FrenchCityFinder;
		};
/* End PBXContainerItemProxy section */

/* Begin PBXFileReference section */
		3731886F1BECAAE200286102 /* FrenchCityFinder.app */ = {isa = PBXFileReference; explicitFileType = wrapper.application; includeInIndex = 0; path = FrenchCityFinder.app; sourceTree = BUILT_PRODUCTS_DIR; };
		373188731BECAAE200286102 /* main.m */ = {isa = PBXFileReference; lastKnownFileType = sourcecode.c.objc; path = main.m; sourceTree = "<group>"; };
		373188751BECAAE200286102 /* AppDelegate.h */ = {isa = PBXFileReference; lastKnownFileType = sourcecode.c.h; path = AppDelegate.h; sourceTree = "<group>"; };
		373188761BECAAE200286102 /* AppDelegate.m */ = {isa = PBXFileReference; lastKnownFileType = sourcecode.c.objc; path = AppDelegate.m; sourceTree = "<group>"; };
		373188781BECAAE200286102 /* ViewController.h */ = {isa = PBXFileReference; lastKnownFileType = sourcecode.c.h; path = ViewController.h; sourceTree = "<group>"; };
		373188791BECAAE200286102 /* ViewController.m */ = {isa = PBXFileReference; lastKnownFileType = sourcecode.c.objc; path = ViewController.m; sourceTree = "<group>"; };
		3731887C1BECAAE200286102 /* Base */ = {isa = PBXFileReference; lastKnownFileType = file.storyboard; name = Base; path = Base.lproj/Main.storyboard; sourceTree = "<group>"; };
		3731887F1BECAAE200286102 /* FrenchCityFinder.xcdatamodel */ = {isa = PBXFileReference; lastKnownFileType = wrapper.xcdatamodel; path = FrenchCityFinder.xcdatamodel; sourceTree = "<group>"; };
		373188811BECAAE200286102 /* Assets.xcassets */ = {isa = PBXFileReference; lastKnownFileType = folder.assetcatalog; path = Assets.xcassets; sourceTree = "<group>"; };
		373188841BECAAE200286102 /* Base */ = {isa = PBXFileReference; lastKnownFileType = file.storyboard; name = Base; path = Base.lproj/LaunchScreen.storyboard; sourceTree = "<group>"; };
		373188861BECAAE200286102 /* Info.plist */ = {isa = PBXFileReference; lastKnownFileType = text.plist.xml; path = Info.plist; sourceTree = "<group>"; };
		3731888B1BECAAE200286102 /* FrenchCityFinderTests.xctest */ = {isa = PBXFileReference; explicitFileType = wrapper.cfbundle; includeInIndex = 0; path = FrenchCityFinderTests.xctest; sourceTree = BUILT_PRODUCTS_DIR; };
		3731888F1BECAAE200286102 /* FrenchCityFinderTests.m */ = {isa = PBXFileReference; lastKnownFileType = sourcecode.c.objc; path = FrenchCityFinderTests.m; sourceTree = "<group>"; };
		373188911BECAAE200286102 /* Info.plist */ = {isa = PBXFileReference; lastKnownFileType = text.plist.xml; path = Info.plist; sourceTree = "<group>"; };
		373188961BECAAE200286102 /* FrenchCityFinderUITests.xctest */ = {isa = PBXFileReference; explicitFileType = wrapper.cfbundle; includeInIndex = 0; path = FrenchCityFinderUITests.xctest; sourceTree = BUILT_PRODUCTS_DIR; };
		3731889A1BECAAE200286102 /* FrenchCityFinderUITests.m */ = {isa = PBXFileReference; lastKnownFileType = sourcecode.c.objc; path = FrenchCityFinderUITests.m; sourceTree = "<group>"; };
		3731889C1BECAAE200286102 /* Info.plist */ = {isa = PBXFileReference; lastKnownFileType = text.plist.xml; path = Info.plist; sourceTree = "<group>"; };
/* End PBXFileReference section */

/* Begin PBXFrameworksBuildPhase section */
		3731886C1BECAAE200286102 /* Frameworks */ = {
			isa = PBXFrameworksBuildPhase;
			buildActionMask = 2147483647;
			files = (
			);
			runOnlyForDeploymentPostprocessing = 0;
		};
		373188881BECAAE200286102 /* Frameworks */ = {
			isa = PBXFrameworksBuildPhase;
			buildActionMask = 2147483647;
			files = (
			);
			runOnlyForDeploymentPostprocessing = 0;
		};
		373188931BECAAE200286102 /* Frameworks */ = {
			isa = PBXFrameworksBuildPhase;
			buildActionMask = 2147483647;
			files = (
			);
			runOnlyForDeploymentPostprocessing = 0;
		};
/* End PBXFrameworksBuildPhase section */

/* Begin PBXGroup section */
		373188661BECAAE200286102 = {
			isa = PBXGroup;
			children = (
				373188711BECAAE200286102 /* FrenchCityFinder */,
				3731888E1BECAAE200286102 /* FrenchCityFinderTests */,
				373188991BECAAE200286102 /* FrenchCityFinderUITests */,
				373188701BECAAE200286102 /* Products */,
			);
			sourceTree = "<group>";
		};
		373188701BECAAE200286102 /* Products */ = {
			isa = PBXGroup;
			children = (
				3731886F1BECAAE200286102 /* FrenchCityFinder.app */,
				3731888B1BECAAE200286102 /* FrenchCityFinderTests.xctest */,
				373188961BECAAE200286102 /* FrenchCityFinderUITests.xctest */,
			);
			name = Products;
			sourceTree = "<group>";
		};
		373188711BECAAE200286102 /* FrenchCityFinder */ = {
			isa = PBXGroup;
			children = (
				373188751BECAAE200286102 /* AppDelegate.h */,
				373188761BECAAE200286102 /* AppDelegate.m */,
				373188781BECAAE200286102 /* ViewController.h */,
				373188791BECAAE200286102 /* ViewController.m */,
				3731887B1BECAAE200286102 /* Main.storyboard */,
				373188811BECAAE200286102 /* Assets.xcassets */,
				373188831BECAAE200286102 /* LaunchScreen.storyboard */,
				373188861BECAAE200286102 /* Info.plist */,
				3731887E1BECAAE200286102 /* FrenchCityFinder.xcdatamodeld */,
				373188721BECAAE200286102 /* Supporting Files */,
			);
			path = FrenchCityFinder;
			sourceTree = "<group>";
		};
		373188721BECAAE200286102 /* Supporting Files */ = {
			isa = PBXGroup;
			children = (
				373188731BECAAE200286102 /* main.m */,
			);
			name = "Supporting Files";
			sourceTree = "<group>";
		};
		3731888E1BECAAE200286102 /* FrenchCityFinderTests */ = {
			isa = PBXGroup;
			children = (
				3731888F1BECAAE200286102 /* FrenchCityFinderTests.m */,
				373188911BECAAE200286102 /* Info.plist */,
			);
			path = FrenchCityFinderTests;
			sourceTree = "<group>";
		};
		373188991BECAAE200286102 /* FrenchCityFinderUITests */ = {
			isa = PBXGroup;
			children = (
				3731889A1BECAAE200286102 /* FrenchCityFinderUITests.m */,
				3731889C1BECAAE200286102 /* Info.plist */,
			);
			path = FrenchCityFinderUITests;
			sourceTree = "<group>";
		};
/* End PBXGroup section */

/* Begin PBXNativeTarget section */
		3731886E1BECAAE200286102 /* FrenchCityFinder */ = {
			isa = PBXNativeTarget;
			buildConfigurationList = 3731889F1BECAAE200286102 /* Build configuration list for PBXNativeTarget "FrenchCityFinder" */;
			buildPhases = (
				3731886B1BECAAE200286102 /* Sources */,
				3731886C1BECAAE200286102 /* Frameworks */,
				3731886D1BECAAE200286102 /* Resources */,
			);
			buildRules = (
			);
			dependencies = (
			);
			name = FrenchCityFinder;
			productName = FrenchCityFinder;
			productReference = 3731886F1BECAAE200286102 /* FrenchCityFinder.app */;
			productType = "com.apple.product-type.application";
		};
		3731888A1BECAAE200286102 /* FrenchCityFinderTests */ = {
			isa = PBXNativeTarget;
			buildConfigurationList = 373188A21BECAAE200286102 /* Build configuration list for PBXNativeTarget "FrenchCityFinderTests" */;
			buildPhases = (
				373188871BECAAE200286102 /* Sources */,
				373188881BECAAE200286102 /* Frameworks */,
				373188891BECAAE200286102 /* Resources */,
			);
			buildRules = (
			);
			dependencies = (
				3731888D1BECAAE200286102 /* PBXTargetDependency */,
			);
			name = FrenchCityFinderTests;
			productName = FrenchCityFinderTests;
			productReference = 3731888B1BECAAE200286102 /* FrenchCityFinderTests.xctest */;
			productType = "com.apple.product-type.bundle.unit-test";
		};
		373188951BECAAE200286102 /* FrenchCityFinderUITests */ = {
			isa = PBXNativeTarget;
			buildConfigurationList = 373188A51BECAAE200286102 /* Build configuration list for PBXNativeTarget "FrenchCityFinderUITests" */;
			buildPhases = (
				373188921BECAAE200286102 /* Sources */,
				373188931BECAAE200286102 /* Frameworks */,
				373188941BECAAE200286102 /* Resources */,
			);
			buildRules = (
			);
			dependencies = (
				373188981BECAAE200286102 /* PBXTargetDependency */,
			);
			name = FrenchCityFinderUITests;
			productName = FrenchCityFinderUITests;
			productReference = 373188961BECAAE200286102 /* FrenchCityFinderUITests.xctest */;
			productType = "com.apple.product-type.bundle.ui-testing";
		};
/* End PBXNativeTarget section */

/* Begin PBXProject section */
		373188671BECAAE200286102 /* Project object */ = {
			isa = PBXProject;
			attributes = {
				LastUpgradeCheck = 0710;
				ORGANIZATIONNAME = NGWare;
				TargetAttributes = {
					3731886E1BECAAE200286102 = {
						CreatedOnToolsVersion = 7.1;
					};
					3731888A1BECAAE200286102 = {
						CreatedOnToolsVersion = 7.1;
						TestTargetID = 3731886E1BECAAE200286102;
					};
					373188951BECAAE200286102 = {
						CreatedOnToolsVersion = 7.1;
						TestTargetID = 3731886E1BECAAE200286102;
					};
				};
			};
			buildConfigurationList = 3731886A1BECAAE200286102 /* Build configuration list for PBXProject "FrenchCityFinder" */;
			compatibilityVersion = "Xcode 3.2";
			developmentRegion = English;
			hasScannedForEncodings = 0;
			knownRegions = (
				en,
				Base,
			);
			mainGroup = 373188661BECAAE200286102;
			productRefGroup = 373188701BECAAE200286102 /* Products */;
			projectDirPath = "";
			projectRoot = "";
			targets = (
				3731886E1BECAAE200286102 /* FrenchCityFinder */,
				3731888A1BECAAE200286102 /* FrenchCityFinderTests */,
				373188951BECAAE200286102 /* FrenchCityFinderUITests */,
			);
		};
/* End PBXProject section */

/* Begin PBXResourcesBuildPhase section */
		3731886D1BECAAE200286102 /* Resources */ = {
			isa = PBXResourcesBuildPhase;
			buildActionMask = 2147483647;
			files = (
				373188851BECAAE200286102 /* LaunchScreen.storyboard in Resources */,
				373188821BECAAE200286102 /* Assets.xcassets in Resources */,
				3731887D1BECAAE200286102 /* Main.storyboard in Resources */,
			);
			runOnlyForDeploymentPostprocessing = 0;
		};
		373188891BECAAE200286102 /* Resources */ = {
			isa = PBXResourcesBuildPhase;
			buildActionMask = 2147483647;
			files = (
			);
			runOnlyForDeploymentPostprocessing = 0;
		};
		373188941BECAAE200286102 /* Resources */ = {
			isa = PBXResourcesBuildPhase;
			buildActionMask = 2147483647;
			files = (
			);
			runOnlyForDeploymentPostprocessing = 0;
		};
/* End PBXResourcesBuildPhase section */

/* Begin PBXSourcesBuildPhase section */
		3731886B1BECAAE200286102 /* Sources */ = {
			isa = PBXSourcesBuildPhase;
			buildActionMask = 2147483647;
			files = (
				373188801BECAAE200286102 /* FrenchCityFinder.xcdatamodeld in Sources */,
				3731887A1BECAAE200286102 /* ViewController.m in Sources */,
				373188771BECAAE200286102 /* AppDelegate.m in Sources */,
				373188741BECAAE200286102 /* main.m in Sources */,
			);
			runOnlyForDeploymentPostprocessing = 0;
		};
		373188871BECAAE200286102 /* Sources */ = {
			isa = PBXSourcesBuildPhase;
			buildActionMask = 2147483647;
			files = (
				373188901BECAAE200286102 /* FrenchCityFinderTests.m in Sources */,
			);
			runOnlyForDeploymentPostprocessing = 0;
		};
		373188921BECAAE200286102 /* Sources */ = {
			isa = PBXSourcesBuildPhase;
			buildActionMask = 2147483647;
			files = (
				3731889B1BECAAE200286102 /* FrenchCityFinderUITests.m in Sources */,
			);
			runOnlyForDeploymentPostprocessing = 0;
		};
/* End PBXSourcesBuildPhase section */

/* Begin PBXTargetDependency section */
		3731888D1BECAAE200286102 /* PBXTargetDependency */ = {
			isa = PBXTargetDependency;
			target = 3731886E1BECAAE200286102 /* FrenchCityFinder */;
			targetProxy = 3731888C1BECAAE200286102 /* PBXContainerItemProxy */;
		};
		373188981BECAAE200286102 /* PBXTargetDependency */ = {
			isa = PBXTargetDependency;
			target = 3731886E1BECAAE200286102 /* FrenchCityFinder */;
			targetProxy = 373188971BECAAE200286102 /* PBXContainerItemProxy */;
		};
/* End PBXTargetDependency section */

/* Begin PBXVariantGroup section */
		3731887B1BECAAE200286102 /* Main.storyboard */ = {
			isa = PBXVariantGroup;
			children = (
				3731887C1BECAAE200286102 /* Base */,
			);
			name = Main.storyboard;
			sourceTree = "<group>";
		};
		373188831BECAAE200286102 /* LaunchScreen.storyboard */ = {
			isa = PBXVariantGroup;
			children = (
				373188841BECAAE200286102 /* Base */,
			);
			name = LaunchScreen.storyboard;
			sourceTree = "<group>";
		};
/* End PBXVariantGroup section */

/* Begin XCBuildConfiguration section */
		3731889D1BECAAE200286102 /* Debug */ = {
			isa = XCBuildConfiguration;
			buildSettings = {
				ALWAYS_SEARCH_USER_PATHS = NO;
				CLANG_CXX_LANGUAGE_STANDARD = "gnu++0x";
				CLANG_CXX_LIBRARY = "libc++";
				CLANG_ENABLE_MODULES = YES;
				CLANG_ENABLE_OBJC_ARC = YES;
				CLANG_WARN_BOOL_CONVERSION = YES;
				CLANG_WARN_CONSTANT_CONVERSION = YES;
				CLANG_WARN_DIRECT_OBJC_ISA_USAGE = YES_ERROR;
				CLANG_WARN_EMPTY_BODY = YES;
				CLANG_WARN_ENUM_CONVERSION = YES;
				CLANG_WARN_INT_CONVERSION = YES;
				CLANG_WARN_OBJC_ROOT_CLASS = YES_ERROR;
				CLANG_WARN_UNREACHABLE_CODE = YES;
				CLANG_WARN__DUPLICATE_METHOD_MATCH = YES;
				"CODE_SIGN_IDENTITY[sdk=iphoneos*]" = "iPhone Developer";
				COPY_PHASE_STRIP = NO;
				DEBUG_INFORMATION_FORMAT = dwarf;
				ENABLE_STRICT_OBJC_MSGSEND = YES;
				ENABLE_TESTABILITY = YES;
				GCC_C_LANGUAGE_STANDARD = gnu99;
				GCC_DYNAMIC_NO_PIC = NO;
				GCC_NO_COMMON_BLOCKS = YES;
				GCC_OPTIMIZATION_LEVEL = 0;
				GCC_PREPROCESSOR_DEFINITIONS = (
					"DEBUG=1",
					"$(inherited)",
				);
				GCC_WARN_64_TO_32_BIT_CONVERSION = YES;
				GCC_WARN_ABOUT_RETURN_TYPE = YES_ERROR;
				GCC_WARN_UNDECLARED_SELECTOR = YES;
				GCC_WARN_UNINITIALIZED_AUTOS = YES_AGGRESSIVE;
				GCC_WARN_UNUSED_FUNCTION = YES;
				GCC_WARN_UNUSED_VARIABLE = YES;
				IPHONEOS_DEPLOYMENT_TARGET = 9.1;
				MTL_ENABLE_DEBUG_INFO = YES;
				ONLY_ACTIVE_ARCH = YES;
				SDKROOT = iphoneos;
			};
			name = Debug;
		};
		3731889E1BECAAE200286102 /* Release */ = {
			isa = XCBuildConfiguration;
			buildSettings = {
				ALWAYS_SEARCH_USER_PATHS = NO;
				CLANG_CXX_LANGUAGE_STANDARD = "gnu++0x";
				CLANG_CXX_LIBRARY = "libc++";
				CLANG_ENABLE_MODULES = YES;
				CLANG_ENABLE_OBJC_ARC = YES;
				CLANG_WARN_BOOL_CONVERSION = YES;
				CLANG_WARN_CONSTANT_CONVERSION = YES;
				CLANG_WARN_DIRECT_OBJC_ISA_USAGE = YES_ERROR;
				CLANG_WARN_EMPTY_BODY = YES;
				CLANG_WARN_ENUM_CONVERSION = YES;
				CLANG_WARN_INT_CONVERSION = YES;
				CLANG_WARN_OBJC_ROOT_CLASS = YES_ERROR;
				CLANG_WARN_UNREACHABLE_CODE = YES;
				CLANG_WARN__DUPLICATE_METHOD_MATCH = YES;
				"CODE_SIGN_IDENTITY[sdk=iphoneos*]" = "iPhone Developer";
				COPY_PHASE_STRIP = NO;
				DEBUG_INFORMATION_FORMAT = "dwarf-with-dsym";
				ENABLE_NS_ASSERTIONS = NO;
				ENABLE_STRICT_OBJC_MSGSEND = YES;
				GCC_C_LANGUAGE_STANDARD = gnu99;
				GCC_NO_COMMON_BLOCKS = YES;
				GCC_WARN_64_TO_32_BIT_CONVERSION = YES;
				GCC_WARN_ABOUT_RETURN_TYPE = YES_ERROR;
				GCC_WARN_UNDECLARED_SELECTOR = YES;
				GCC_WARN_UNINITIALIZED_AUTOS = YES_AGGRESSIVE;
				GCC_WARN_UNUSED_FUNCTION = YES;
				GCC_WARN_UNUSED_VARIABLE = YES;
				IPHONEOS_DEPLOYMENT_TARGET = 9.1;
				MTL_ENABLE_DEBUG_INFO = NO;
				SDKROOT = iphoneos;
				VALIDATE_PRODUCT = YES;
			};
			name = Release;
		};
		373188A01BECAAE200286102 /* Debug */ = {
			isa = XCBuildConfiguration;
			buildSettings = {
				ASSETCATALOG_COMPILER_APPICON_NAME = AppIcon;
				INFOPLIST_FILE = FrenchCityFinder/Info.plist;
				LD_RUNPATH_SEARCH_PATHS = "$(inherited) @executable_path/Frameworks";
				PRODUCT_BUNDLE_IDENTIFIER = fr.ngware.FrenchCityFinder;
				PRODUCT_NAME = "$(TARGET_NAME)";
			};
			name = Debug;
		};
		373188A11BECAAE200286102 /* Release */ = {
			isa = XCBuildConfiguration;
			buildSettings = {
				ASSETCATALOG_COMPILER_APPICON_NAME = AppIcon;
				INFOPLIST_FILE = FrenchCityFinder/Info.plist;
				LD_RUNPATH_SEARCH_PATHS = "$(inherited) @executable_path/Frameworks";
				PRODUCT_BUNDLE_IDENTIFIER = fr.ngware.FrenchCityFinder;
				PRODUCT_NAME = "$(TARGET_NAME)";
			};
			name = Release;
		};
		373188A31BECAAE200286102 /* Debug */ = {
			isa = XCBuildConfiguration;
			buildSettings = {
				BUNDLE_LOADER = "$(TEST_HOST)";
				INFOPLIST_FILE = FrenchCityFinderTests/Info.plist;
				LD_RUNPATH_SEARCH_PATHS = "$(inherited) @executable_path/Frameworks @loader_path/Frameworks";
				PRODUCT_BUNDLE_IDENTIFIER = fr.ngware.FrenchCityFinderTests;
				PRODUCT_NAME = "$(TARGET_NAME)";
				TEST_HOST = "$(BUILT_PRODUCTS_DIR)/FrenchCityFinder.app/FrenchCityFinder";
			};
			name = Debug;
		};
		373188A41BECAAE200286102 /* Release */ = {
			isa = XCBuildConfiguration;
			buildSettings = {
				BUNDLE_LOADER = "$(TEST_HOST)";
				INFOPLIST_FILE = FrenchCityFinderTests/Info.plist;
				LD_RUNPATH_SEARCH_PATHS = "$(inherited) @executable_path/Frameworks @loader_path/Frameworks";
				PRODUCT_BUNDLE_IDENTIFIER = fr.ngware.FrenchCityFinderTests;
				PRODUCT_NAME = "$(TARGET_NAME)";
				TEST_HOST = "$(BUILT_PRODUCTS_DIR)/FrenchCityFinder.app/FrenchCityFinder";
			};
			name = Release;
		};
		373188A61BECAAE200286102 /* Debug */ = {
			isa = XCBuildConfiguration;
			buildSettings = {
				INFOPLIST_FILE = FrenchCityFinderUITests/Info.plist;
				LD_RUNPATH_SEARCH_PATHS = "$(inherited) @executable_path/Frameworks @loader_path/Frameworks";
				PRODUCT_BUNDLE_IDENTIFIER = fr.ngware.FrenchCityFinderUITests;
				PRODUCT_NAME = "$(TARGET_NAME)";
				TEST_TARGET_NAME = FrenchCityFinder;
				USES_XCTRUNNER = YES;
			};
			name = Debug;
		};
		373188A71BECAAE200286102 /* Release */ = {
			isa = XCBuildConfiguration;
			buildSettings = {
				INFOPLIST_FILE = FrenchCityFinderUITests/Info.plist;
				LD_RUNPATH_SEARCH_PATHS = "$(inherited) @executable_path/Frameworks @loader_path/Frameworks";
				PRODUCT_BUNDLE_IDENTIFIER = fr.ngware.FrenchCityFinderUITests;
				PRODUCT_NAME = "$(TARGET_NAME)";
				TEST_TARGET_NAME = FrenchCityFinder;
				USES_XCTRUNNER = YES;
			};
			name = Release;
		};
/* End XCBuildConfiguration section */

/* Begin XCConfigurationList section */
		3731886A1BECAAE200286102 /* Build configuration list for PBXProject "FrenchCityFinder" */ = {
			isa = XCConfigurationList;
			buildConfigurations = (
				3731889D1BECAAE200286102 /* Debug */,
				3731889E1BECAAE200286102 /* Release */,
			);
			defaultConfigurationIsVisible = 0;
			defaultConfigurationName = Release;
		};
		3731889F1BECAAE200286102 /* Build configuration list for PBXNativeTarget "FrenchCityFinder" */ = {
			isa = XCConfigurationList;
			buildConfigurations = (
				373188A01BECAAE200286102 /* Debug */,
				373188A11BECAAE200286102 /* Release */,
			);
			defaultConfigurationIsVisible = 0;
		};
		373188A21BECAAE200286102 /* Build configuration list for PBXNativeTarget "FrenchCityFinderTests" */ = {
			isa = XCConfigurationList;
			buildConfigurations = (
				373188A31BECAAE200286102 /* Debug */,
				373188A41BECAAE200286102 /* Release */,
			);
			defaultConfigurationIsVisible = 0;
		};
		373188A51BECAAE200286102 /* Build configuration list for PBXNativeTarget "FrenchCityFinderUITests" */ = {
			isa = XCConfigurationList;
			buildConfigurations = (
				373188A61BECAAE200286102 /* Debug */,
				373188A71BECAAE200286102 /* Release */,
			);
			defaultConfigurationIsVisible = 0;
		};
/* End XCConfigurationList section */

/* Begin XCVersionGroup section */
		3731887E1BECAAE200286102 /* FrenchCityFinder.xcdatamodeld */ = {
			isa = XCVersionGroup;
			children = (
				3731887F1BECAAE200286102 /* FrenchCityFinder.xcdatamodel */,
			);
			currentVersion = 3731887F1BECAAE200286102 /* FrenchCityFinder.xcdatamodel */;
			path = FrenchCityFinder.xcdatamodeld;
			sourceTree = "<group>";
			versionGroupType = wrapper.xcdatamodel;
		};
/* End XCVersionGroup section */
	};
	rootObject = 373188671BECAAE200286102 /* Project object */;
}
